
Microsoft Visual Studio Solution File, Format Version 12.00
# Visual Studio 15
VisualStudioVersion = 15.0.28307.271
MinimumVisualStudioVersion = 10.0.40219.1
Project("{2150E333-8FDC-42A3-9474-1A3956D46DE8}") = "Samples", "Samples", "{2CEF29FC-9E11-47B5-BB60-771CB469FC21}"
EndProject
Project("{9A19103F-16F7-4668-BE54-9A1E7A4F7556}") = "BatchProcessingEngine", "BatchProcessingEngine\BatchProcessingEngine.csproj", "{598779B3-16DE-4077-9F96-B5A9B6807BDD}"
EndProject
Project("{9A19103F-16F7-4668-BE54-9A1E7A4F7556}") = "BatchETL", "Samples\BatchETL\BatchETL.csproj", "{D934EC2F-BD9E-4210-8C2D-C01ECBD19604}"
EndProject
Global
	GlobalSection(SolutionConfigurationPlatforms) = preSolution
		Debug|Any CPU = Debug|Any CPU
		Release|Any CPU = Release|Any CPU
	EndGlobalSection
	GlobalSection(ProjectConfigurationPlatforms) = postSolution
		{598779B3-16DE-4077-9F96-B5A9B6807BDD}.Debug|Any CPU.ActiveCfg = Debug|Any CPU
		{598779B3-16DE-4077-9F96-B5A9B6807BDD}.Debug|Any CPU.Build.0 = Debug|Any CPU
		{598779B3-16DE-4077-9F96-B5A9B6807BDD}.Release|Any CPU.ActiveCfg = Release|Any CPU
		{598779B3-16DE-4077-9F96-B5A9B6807BDD}.Release|Any CPU.Build.0 = Release|Any CPU
		{D934EC2F-BD9E-4210-8C2D-C01ECBD19604}.Debug|Any CPU.ActiveCfg = Debug|Any CPU
		{D934EC2F-BD9E-4210-8C2D-C01ECBD19604}.Debug|Any CPU.Build.0 = Debug|Any CPU
		{D934EC2F-BD9E-4210-8C2D-C01ECBD19604}.Release|Any CPU.ActiveCfg = Release|Any CPU
		{D934EC2F-BD9E-4210-8C2D-C01ECBD19604}.Release|Any CPU.Build.0 = Release|Any CPU
	EndGlobalSection
	GlobalSection(SolutionProperties) = preSolution
		HideSolutionNode = FALSE
	EndGlobalSection
	GlobalSection(NestedProjects) = preSolution
		{D934EC2F-BD9E-4210-8C2D-C01ECBD19604} = {2CEF29FC-9E11-47B5-BB60-771CB469FC21}
	EndGlobalSection
	GlobalSection(ExtensibilityGlobals) = postSolution
		SolutionGuid = {51218CED-C350-4AD7-AE72-B6C44CC449DA}
	EndGlobalSection
EndGlobal
